{
  "object": {
    "pins": [
      {
        "package": "CareKit",
        "repositoryURL": "https://github.com/carekit-apple/CareKit.git",
        "state": {
          "branch": "master",
          "revision": "e00c8247408fb4b5ff8f49aa306dc1c22d47dff5",
          "version": null
        }
      }
    ]
  },
  "version": 1
}
